
Microsoft Visual Studio Solution File, Format Version 12.00
# Visual Studio Version 16
VisualStudioVersion = 16.0.30611.23
MinimumVisualStudioVersion = 10.0.40219.1
Project("{FAE04EC0-301F-11D3-BF4B-00C04F79EFBC}") = "CS10_Project_Fisketorvet_V1", "CS10_Project_Fisketorvet_V1.csproj", "{791E158C-A113-4646-B19B-438A92F00FCE}"
EndProject
Global
	GlobalSection(SolutionConfigurationPlatforms) = preSolution
		Debug|Any CPU = Debug|Any CPU
		Release|Any CPU = Release|Any CPU
	EndGlobalSection
	GlobalSection(ProjectConfigurationPlatforms) = postSolution
		{791E158C-A113-4646-B19B-438A92F00FCE}.Debug|Any CPU.ActiveCfg = Debug|Any CPU
		{791E158C-A113-4646-B19B-438A92F00FCE}.Debug|Any CPU.Build.0 = Debug|Any CPU
		{791E158C-A113-4646-B19B-438A92F00FCE}.Release|Any CPU.ActiveCfg = Release|Any CPU
		{791E158C-A113-4646-B19B-438A92F00FCE}.Release|Any CPU.Build.0 = Release|Any CPU
	EndGlobalSection
	GlobalSection(SolutionProperties) = preSolution
		HideSolutionNode = FALSE
	EndGlobalSection
	GlobalSection(ExtensibilityGlobals) = postSolution
		SolutionGuid = {B2733584-E005-4112-8B88-C726E61AF203}
	EndGlobalSection
EndGlobal
